
Microsoft Visual Studio Solution File, Format Version 12.00
# Visual Studio 15
VisualStudioVersion = 15.0.26124.0
MinimumVisualStudioVersion = 15.0.26124.0
Project("{FAE04EC0-301F-11D3-BF4B-00C04F79EFBC}") = "HiddenVillaServer", "HiddenVillaServer\HiddenVillaServer.csproj", "{34EDA427-1FEE-48C9-9C8B-C22A9E708DBD}"
EndProject
Project("{FAE04EC0-301F-11D3-BF4B-00C04F79EFBC}") = "Business", "Business\Business.csproj", "{2A92A760-D35A-42BB-A402-67094E3141FA}"
EndProject
Project("{FAE04EC0-301F-11D3-BF4B-00C04F79EFBC}") = "Common", "Common\Common.csproj", "{1738F3EA-6F87-4A72-9C4C-0351C5320E8F}"
EndProject
Project("{FAE04EC0-301F-11D3-BF4B-00C04F79EFBC}") = "DataAccess", "DataAccess\DataAccess.csproj", "{7DCE91B6-C42B-4A9A-8C4B-6BBF0ADFA0DC}"
EndProject
Project("{FAE04EC0-301F-11D3-BF4B-00C04F79EFBC}") = "Models", "Models\Models.csproj", "{162CEC98-D573-4EA6-80C3-DB073E46668E}"
EndProject
Project("{FAE04EC0-301F-11D3-BF4B-00C04F79EFBC}") = "ModelsDtos", "ModelsDtos\ModelsDtos.csproj", "{570E5EF1-207B-4CE8-A0E6-486E470B0712}"
EndProject
Global
	GlobalSection(SolutionConfigurationPlatforms) = preSolution
		Debug|Any CPU = Debug|Any CPU
		Debug|x64 = Debug|x64
		Debug|x86 = Debug|x86
		Release|Any CPU = Release|Any CPU
		Release|x64 = Release|x64
		Release|x86 = Release|x86
	EndGlobalSection
	GlobalSection(SolutionProperties) = preSolution
		HideSolutionNode = FALSE
	EndGlobalSection
	GlobalSection(ProjectConfigurationPlatforms) = postSolution
		{34EDA427-1FEE-48C9-9C8B-C22A9E708DBD}.Debug|Any CPU.ActiveCfg = Debug|Any CPU
		{34EDA427-1FEE-48C9-9C8B-C22A9E708DBD}.Debug|Any CPU.Build.0 = Debug|Any CPU
		{34EDA427-1FEE-48C9-9C8B-C22A9E708DBD}.Debug|x64.ActiveCfg = Debug|Any CPU
		{34EDA427-1FEE-48C9-9C8B-C22A9E708DBD}.Debug|x64.Build.0 = Debug|Any CPU
		{34EDA427-1FEE-48C9-9C8B-C22A9E708DBD}.Debug|x86.ActiveCfg = Debug|Any CPU
		{34EDA427-1FEE-48C9-9C8B-C22A9E708DBD}.Debug|x86.Build.0 = Debug|Any CPU
		{34EDA427-1FEE-48C9-9C8B-C22A9E708DBD}.Release|Any CPU.ActiveCfg = Release|Any CPU
		{34EDA427-1FEE-48C9-9C8B-C22A9E708DBD}.Release|Any CPU.Build.0 = Release|Any CPU
		{34EDA427-1FEE-48C9-9C8B-C22A9E708DBD}.Release|x64.ActiveCfg = Release|Any CPU
		{34EDA427-1FEE-48C9-9C8B-C22A9E708DBD}.Release|x64.Build.0 = Release|Any CPU
		{34EDA427-1FEE-48C9-9C8B-C22A9E708DBD}.Release|x86.ActiveCfg = Release|Any CPU
		{34EDA427-1FEE-48C9-9C8B-C22A9E708DBD}.Release|x86.Build.0 = Release|Any CPU
		{2A92A760-D35A-42BB-A402-67094E3141FA}.Debug|Any CPU.ActiveCfg = Debug|Any CPU
		{2A92A760-D35A-42BB-A402-67094E3141FA}.Debug|Any CPU.Build.0 = Debug|Any CPU
		{2A92A760-D35A-42BB-A402-67094E3141FA}.Debug|x64.ActiveCfg = Debug|Any CPU
		{2A92A760-D35A-42BB-A402-67094E3141FA}.Debug|x64.Build.0 = Debug|Any CPU
		{2A92A760-D35A-42BB-A402-67094E3141FA}.Debug|x86.ActiveCfg = Debug|Any CPU
		{2A92A760-D35A-42BB-A402-67094E3141FA}.Debug|x86.Build.0 = Debug|Any CPU
		{2A92A760-D35A-42BB-A402-67094E3141FA}.Release|Any CPU.ActiveCfg = Release|Any CPU
		{2A92A760-D35A-42BB-A402-67094E3141FA}.Release|Any CPU.Build.0 = Release|Any CPU
		{2A92A760-D35A-42BB-A402-67094E3141FA}.Release|x64.ActiveCfg = Release|Any CPU
		{2A92A760-D35A-42BB-A402-67094E3141FA}.Release|x64.Build.0 = Release|Any CPU
		{2A92A760-D35A-42BB-A402-67094E3141FA}.Release|x86.ActiveCfg = Release|Any CPU
		{2A92A760-D35A-42BB-A402-67094E3141FA}.Release|x86.Build.0 = Release|Any CPU
		{1738F3EA-6F87-4A72-9C4C-0351C5320E8F}.Debug|Any CPU.ActiveCfg = Debug|Any CPU
		{1738F3EA-6F87-4A72-9C4C-0351C5320E8F}.Debug|Any CPU.Build.0 = Debug|Any CPU
		{1738F3EA-6F87-4A72-9C4C-0351C5320E8F}.Debug|x64.ActiveCfg = Debug|Any CPU
		{1738F3EA-6F87-4A72-9C4C-0351C5320E8F}.Debug|x64.Build.0 = Debug|Any CPU
		{1738F3EA-6F87-4A72-9C4C-0351C5320E8F}.Debug|x86.ActiveCfg = Debug|Any CPU
		{1738F3EA-6F87-4A72-9C4C-0351C5320E8F}.Debug|x86.Build.0 = Debug|Any CPU
		{1738F3EA-6F87-4A72-9C4C-0351C5320E8F}.Release|Any CPU.ActiveCfg = Release|Any CPU
		{1738F3EA-6F87-4A72-9C4C-0351C5320E8F}.Release|Any CPU.Build.0 = Release|Any CPU
		{1738F3EA-6F87-4A72-9C4C-0351C5320E8F}.Release|x64.ActiveCfg = Release|Any CPU
		{1738F3EA-6F87-4A72-9C4C-0351C5320E8F}.Release|x64.Build.0 = Release|Any CPU
		{1738F3EA-6F87-4A72-9C4C-0351C5320E8F}.Release|x86.ActiveCfg = Release|Any CPU
		{1738F3EA-6F87-4A72-9C4C-0351C5320E8F}.Release|x86.Build.0 = Release|Any CPU
		{7DCE91B6-C42B-4A9A-8C4B-6BBF0ADFA0DC}.Debug|Any CPU.ActiveCfg = Debug|Any CPU
		{7DCE91B6-C42B-4A9A-8C4B-6BBF0ADFA0DC}.Debug|Any CPU.Build.0 = Debug|Any CPU
		{7DCE91B6-C42B-4A9A-8C4B-6BBF0ADFA0DC}.Debug|x64.ActiveCfg = Debug|Any CPU
		{7DCE91B6-C42B-4A9A-8C4B-6BBF0ADFA0DC}.Debug|x64.Build.0 = Debug|Any CPU
		{7DCE91B6-C42B-4A9A-8C4B-6BBF0ADFA0DC}.Debug|x86.ActiveCfg = Debug|Any CPU
		{7DCE91B6-C42B-4A9A-8C4B-6BBF0ADFA0DC}.Debug|x86.Build.0 = Debug|Any CPU
		{7DCE91B6-C42B-4A9A-8C4B-6BBF0ADFA0DC}.Release|Any CPU.ActiveCfg = Release|Any CPU
		{7DCE91B6-C42B-4A9A-8C4B-6BBF0ADFA0DC}.Release|Any CPU.Build.0 = Release|Any CPU
		{7DCE91B6-C42B-4A9A-8C4B-6BBF0ADFA0DC}.Release|x64.ActiveCfg = Release|Any CPU
		{7DCE91B6-C42B-4A9A-8C4B-6BBF0ADFA0DC}.Release|x64.Build.0 = Release|Any CPU
		{7DCE91B6-C42B-4A9A-8C4B-6BBF0ADFA0DC}.Release|x86.ActiveCfg = Release|Any CPU
		{7DCE91B6-C42B-4A9A-8C4B-6BBF0ADFA0DC}.Release|x86.Build.0 = Release|Any CPU
		{162CEC98-D573-4EA6-80C3-DB073E46668E}.Debug|Any CPU.ActiveCfg = Debug|Any CPU
		{162CEC98-D573-4EA6-80C3-DB073E46668E}.Debug|Any CPU.Build.0 = Debug|Any CPU
		{162CEC98-D573-4EA6-80C3-DB073E46668E}.Debug|x64.ActiveCfg = Debug|Any CPU
		{162CEC98-D573-4EA6-80C3-DB073E46668E}.Debug|x64.Build.0 = Debug|Any CPU
		{162CEC98-D573-4EA6-80C3-DB073E46668E}.Debug|x86.ActiveCfg = Debug|Any CPU
		{162CEC98-D573-4EA6-80C3-DB073E46668E}.Debug|x86.Build.0 = Debug|Any CPU
		{162CEC98-D573-4EA6-80C3-DB073E46668E}.Release|Any CPU.ActiveCfg = Release|Any CPU
		{162CEC98-D573-4EA6-80C3-DB073E46668E}.Release|Any CPU.Build.0 = Release|Any CPU
		{162CEC98-D573-4EA6-80C3-DB073E46668E}.Release|x64.ActiveCfg = Release|Any CPU
		{162CEC98-D573-4EA6-80C3-DB073E46668E}.Release|x64.Build.0 = Release|Any CPU
		{162CEC98-D573-4EA6-80C3-DB073E46668E}.Release|x86.ActiveCfg = Release|Any CPU
		{162CEC98-D573-4EA6-80C3-DB073E46668E}.Release|x86.Build.0 = Release|Any CPU
		{570E5EF1-207B-4CE8-A0E6-486E470B0712}.Debug|Any CPU.ActiveCfg = Debug|Any CPU
		{570E5EF1-207B-4CE8-A0E6-486E470B0712}.Debug|Any CPU.Build.0 = Debug|Any CPU
		{570E5EF1-207B-4CE8-A0E6-486E470B0712}.Debug|x64.ActiveCfg = Debug|Any CPU
		{570E5EF1-207B-4CE8-A0E6-486E470B0712}.Debug|x64.Build.0 = Debug|Any CPU
		{570E5EF1-207B-4CE8-A0E6-486E470B0712}.Debug|x86.ActiveCfg = Debug|Any CPU
		{570E5EF1-207B-4CE8-A0E6-486E470B0712}.Debug|x86.Build.0 = Debug|Any CPU
		{570E5EF1-207B-4CE8-A0E6-486E470B0712}.Release|Any CPU.ActiveCfg = Release|Any CPU
		{570E5EF1-207B-4CE8-A0E6-486E470B0712}.Release|Any CPU.Build.0 = Release|Any CPU
		{570E5EF1-207B-4CE8-A0E6-486E470B0712}.Release|x64.ActiveCfg = Release|Any CPU
		{570E5EF1-207B-4CE8-A0E6-486E470B0712}.Release|x64.Build.0 = Release|Any CPU
		{570E5EF1-207B-4CE8-A0E6-486E470B0712}.Release|x86.ActiveCfg = Release|Any CPU
		{570E5EF1-207B-4CE8-A0E6-486E470B0712}.Release|x86.Build.0 = Release|Any CPU
	EndGlobalSection
EndGlobal
